
Microsoft Visual Studio Solution File, Format Version 12.00
# Visual Studio 2012
Project("{FAE04EC0-301F-11D3-BF4B-00C04F79EFBC}") = "TodoJsRenderJsViews", "TodoJsRenderJsViews\TodoJsRenderJsViews.csproj", "{2161BD58-0B1F-483C-B8B3-6822101ACEC6}"
EndProject
Global
	GlobalSection(SolutionConfigurationPlatforms) = preSolution
		Debug|Any CPU = Debug|Any CPU
		Release|Any CPU = Release|Any CPU
	EndGlobalSection
	GlobalSection(ProjectConfigurationPlatforms) = postSolution
		{2161BD58-0B1F-483C-B8B3-6822101ACEC6}.Debug|Any CPU.ActiveCfg = Debug|Any CPU
		{2161BD58-0B1F-483C-B8B3-6822101ACEC6}.Debug|Any CPU.Build.0 = Debug|Any CPU
		{2161BD58-0B1F-483C-B8B3-6822101ACEC6}.Release|Any CPU.ActiveCfg = Release|Any CPU
		{2161BD58-0B1F-483C-B8B3-6822101ACEC6}.Release|Any CPU.Build.0 = Release|Any CPU
	EndGlobalSection
	GlobalSection(SolutionProperties) = preSolution
		HideSolutionNode = FALSE
	EndGlobalSection
EndGlobal
